
Microsoft Visual Studio Solution File, Format Version 12.00
# Visual Studio 14
VisualStudioVersion = 14.0.24720.0
MinimumVisualStudioVersion = 10.0.40219.1
Project("{FAE04EC0-301F-11D3-BF4B-00C04F79EFBC}") = "MvcCms", "MvcCms\MvcCms.csproj", "{CDD4DED7-D0F3-4991-B364-F94A0653C386}"
EndProject
Project("{FAE04EC0-301F-11D3-BF4B-00C04F79EFBC}") = "MvcCms.Tests", "MvcCms.Tests\MvcCms.Tests.csproj", "{772004B6-6E3A-498A-A877-C53F85967966}"
EndProject
Global
	GlobalSection(SolutionConfigurationPlatforms) = preSolution
		Debug|Any CPU = Debug|Any CPU
		Release|Any CPU = Release|Any CPU
	EndGlobalSection
	GlobalSection(ProjectConfigurationPlatforms) = postSolution
		{CDD4DED7-D0F3-4991-B364-F94A0653C386}.Debug|Any CPU.ActiveCfg = Debug|Any CPU
		{CDD4DED7-D0F3-4991-B364-F94A0653C386}.Debug|Any CPU.Build.0 = Debug|Any CPU
		{CDD4DED7-D0F3-4991-B364-F94A0653C386}.Release|Any CPU.ActiveCfg = Release|Any CPU
		{CDD4DED7-D0F3-4991-B364-F94A0653C386}.Release|Any CPU.Build.0 = Release|Any CPU
		{772004B6-6E3A-498A-A877-C53F85967966}.Debug|Any CPU.ActiveCfg = Debug|Any CPU
		{772004B6-6E3A-498A-A877-C53F85967966}.Debug|Any CPU.Build.0 = Debug|Any CPU
		{772004B6-6E3A-498A-A877-C53F85967966}.Release|Any CPU.ActiveCfg = Release|Any CPU
		{772004B6-6E3A-498A-A877-C53F85967966}.Release|Any CPU.Build.0 = Release|Any CPU
	EndGlobalSection
	GlobalSection(SolutionProperties) = preSolution
		HideSolutionNode = FALSE
	EndGlobalSection
EndGlobal
